
Microsoft Visual Studio Solution File, Format Version 12.00
# Visual Studio 2013
VisualStudioVersion = 12.0.21005.1
MinimumVisualStudioVersion = 10.0.40219.1
Project("{FAE04EC0-301F-11D3-BF4B-00C04F79EFBC}") = "ChatApp", "ChatApp\ChatApp.csproj", "{20DF58A0-EE24-4C99-87E7-2B9A09AEBB50}"
EndProject
Project("{FAE04EC0-301F-11D3-BF4B-00C04F79EFBC}") = "ChatApp.tests", "ChatApp.tests\ChatApp.tests.csproj", "{C25E0B1A-85A4-428E-81F5-8A77B578718C}"
EndProject
Global
	GlobalSection(SolutionConfigurationPlatforms) = preSolution
		Debug|Any CPU = Debug|Any CPU
		Release|Any CPU = Release|Any CPU
	EndGlobalSection
	GlobalSection(ProjectConfigurationPlatforms) = postSolution
		{20DF58A0-EE24-4C99-87E7-2B9A09AEBB50}.Debug|Any CPU.ActiveCfg = Debug|Any CPU
		{20DF58A0-EE24-4C99-87E7-2B9A09AEBB50}.Debug|Any CPU.Build.0 = Debug|Any CPU
		{20DF58A0-EE24-4C99-87E7-2B9A09AEBB50}.Release|Any CPU.ActiveCfg = Release|Any CPU
		{20DF58A0-EE24-4C99-87E7-2B9A09AEBB50}.Release|Any CPU.Build.0 = Release|Any CPU
		{C25E0B1A-85A4-428E-81F5-8A77B578718C}.Debug|Any CPU.ActiveCfg = Debug|Any CPU
		{C25E0B1A-85A4-428E-81F5-8A77B578718C}.Debug|Any CPU.Build.0 = Debug|Any CPU
		{C25E0B1A-85A4-428E-81F5-8A77B578718C}.Release|Any CPU.ActiveCfg = Release|Any CPU
		{C25E0B1A-85A4-428E-81F5-8A77B578718C}.Release|Any CPU.Build.0 = Release|Any CPU
	EndGlobalSection
	GlobalSection(SolutionProperties) = preSolution
		HideSolutionNode = FALSE
	EndGlobalSection
EndGlobal
